
Microsoft Visual Studio Solution File, Format Version 12.00
# Visual Studio 2013
VisualStudioVersion = 12.0.31101.0
MinimumVisualStudioVersion = 10.0.40219.1
Project("{FAE04EC0-301F-11D3-BF4B-00C04F79EFBC}") = "SDP", "SDP\SDP.csproj", "{39E5AAFB-9059-44F1-869E-C79B69C6D056}"
EndProject
Project("{2150E333-8FDC-42A3-9474-1A3956D46DE8}") = "Test", "Test", "{5E5D3E67-4755-43BF-89F5-1B510A74BAA7}"
EndProject
Project("{FAE04EC0-301F-11D3-BF4B-00C04F79EFBC}") = "ServerTest", "Tests\ServerTest\ServerTest.csproj", "{2FADE8CF-E7E3-41CE-84B7-5F540749B7D6}"
EndProject
Project("{FAE04EC0-301F-11D3-BF4B-00C04F79EFBC}") = "ClientTest", "Tests\ClientTest\ClientTest.csproj", "{0FAD4BBF-46B2-428B-9C0F-488CFA6436B2}"
EndProject
Project("{FAE04EC0-301F-11D3-BF4B-00C04F79EFBC}") = "PackageLibrary", "Tests\PackageLibrary\PackageLibrary.csproj", "{C89E8928-46A4-4C8C-A3E7-DC2569C566F8}"
EndProject
Project("{FAE04EC0-301F-11D3-BF4B-00C04F79EFBC}") = "SDP.Test", "SDP.Test\SDP.Test.csproj", "{D79DC918-17E3-4CCA-8BBF-0720FEA3429A}"
EndProject
Project("{FAE04EC0-301F-11D3-BF4B-00C04F79EFBC}") = "Raw.TestServer", "Raw.TestServer\Raw.TestServer.csproj", "{4C15CFF1-E5EF-4396-87CE-2582F508F65B}"
EndProject
Project("{2150E333-8FDC-42A3-9474-1A3956D46DE8}") = "RawSocket", "RawSocket", "{0CA6A46C-B1F7-4A44-BD4E-5B864E77ECC8}"
EndProject
Project("{2150E333-8FDC-42A3-9474-1A3956D46DE8}") = "SDP", "SDP", "{A545306F-8D5A-42E5-90B1-FBEAD2888D49}"
EndProject
Project("{FAE04EC0-301F-11D3-BF4B-00C04F79EFBC}") = "Raw.TestClient", "Raw.TestClient\Raw.TestClient.csproj", "{12BC844C-2532-47D6-8326-B699D7833023}"
EndProject
Global
	GlobalSection(SolutionConfigurationPlatforms) = preSolution
		Debug|Any CPU = Debug|Any CPU
		Release|Any CPU = Release|Any CPU
	EndGlobalSection
	GlobalSection(ProjectConfigurationPlatforms) = postSolution
		{39E5AAFB-9059-44F1-869E-C79B69C6D056}.Debug|Any CPU.ActiveCfg = Debug|Any CPU
		{39E5AAFB-9059-44F1-869E-C79B69C6D056}.Debug|Any CPU.Build.0 = Debug|Any CPU
		{39E5AAFB-9059-44F1-869E-C79B69C6D056}.Release|Any CPU.ActiveCfg = Release|Any CPU
		{39E5AAFB-9059-44F1-869E-C79B69C6D056}.Release|Any CPU.Build.0 = Release|Any CPU
		{2FADE8CF-E7E3-41CE-84B7-5F540749B7D6}.Debug|Any CPU.ActiveCfg = Debug|Any CPU
		{2FADE8CF-E7E3-41CE-84B7-5F540749B7D6}.Debug|Any CPU.Build.0 = Debug|Any CPU
		{2FADE8CF-E7E3-41CE-84B7-5F540749B7D6}.Release|Any CPU.ActiveCfg = Release|Any CPU
		{2FADE8CF-E7E3-41CE-84B7-5F540749B7D6}.Release|Any CPU.Build.0 = Release|Any CPU
		{0FAD4BBF-46B2-428B-9C0F-488CFA6436B2}.Debug|Any CPU.ActiveCfg = Debug|Any CPU
		{0FAD4BBF-46B2-428B-9C0F-488CFA6436B2}.Debug|Any CPU.Build.0 = Debug|Any CPU
		{0FAD4BBF-46B2-428B-9C0F-488CFA6436B2}.Release|Any CPU.ActiveCfg = Release|Any CPU
		{0FAD4BBF-46B2-428B-9C0F-488CFA6436B2}.Release|Any CPU.Build.0 = Release|Any CPU
		{C89E8928-46A4-4C8C-A3E7-DC2569C566F8}.Debug|Any CPU.ActiveCfg = Debug|Any CPU
		{C89E8928-46A4-4C8C-A3E7-DC2569C566F8}.Debug|Any CPU.Build.0 = Debug|Any CPU
		{C89E8928-46A4-4C8C-A3E7-DC2569C566F8}.Release|Any CPU.ActiveCfg = Release|Any CPU
		{C89E8928-46A4-4C8C-A3E7-DC2569C566F8}.Release|Any CPU.Build.0 = Release|Any CPU
		{D79DC918-17E3-4CCA-8BBF-0720FEA3429A}.Debug|Any CPU.ActiveCfg = Debug|Any CPU
		{D79DC918-17E3-4CCA-8BBF-0720FEA3429A}.Debug|Any CPU.Build.0 = Debug|Any CPU
		{D79DC918-17E3-4CCA-8BBF-0720FEA3429A}.Release|Any CPU.ActiveCfg = Release|Any CPU
		{D79DC918-17E3-4CCA-8BBF-0720FEA3429A}.Release|Any CPU.Build.0 = Release|Any CPU
		{4C15CFF1-E5EF-4396-87CE-2582F508F65B}.Debug|Any CPU.ActiveCfg = Debug|Any CPU
		{4C15CFF1-E5EF-4396-87CE-2582F508F65B}.Debug|Any CPU.Build.0 = Debug|Any CPU
		{4C15CFF1-E5EF-4396-87CE-2582F508F65B}.Release|Any CPU.ActiveCfg = Release|Any CPU
		{4C15CFF1-E5EF-4396-87CE-2582F508F65B}.Release|Any CPU.Build.0 = Release|Any CPU
		{12BC844C-2532-47D6-8326-B699D7833023}.Debug|Any CPU.ActiveCfg = Debug|Any CPU
		{12BC844C-2532-47D6-8326-B699D7833023}.Debug|Any CPU.Build.0 = Debug|Any CPU
		{12BC844C-2532-47D6-8326-B699D7833023}.Release|Any CPU.ActiveCfg = Release|Any CPU
		{12BC844C-2532-47D6-8326-B699D7833023}.Release|Any CPU.Build.0 = Release|Any CPU
	EndGlobalSection
	GlobalSection(SolutionProperties) = preSolution
		HideSolutionNode = FALSE
	EndGlobalSection
	GlobalSection(NestedProjects) = preSolution
		{2FADE8CF-E7E3-41CE-84B7-5F540749B7D6} = {A545306F-8D5A-42E5-90B1-FBEAD2888D49}
		{0FAD4BBF-46B2-428B-9C0F-488CFA6436B2} = {A545306F-8D5A-42E5-90B1-FBEAD2888D49}
		{C89E8928-46A4-4C8C-A3E7-DC2569C566F8} = {A545306F-8D5A-42E5-90B1-FBEAD2888D49}
		{D79DC918-17E3-4CCA-8BBF-0720FEA3429A} = {A545306F-8D5A-42E5-90B1-FBEAD2888D49}
		{4C15CFF1-E5EF-4396-87CE-2582F508F65B} = {0CA6A46C-B1F7-4A44-BD4E-5B864E77ECC8}
		{0CA6A46C-B1F7-4A44-BD4E-5B864E77ECC8} = {5E5D3E67-4755-43BF-89F5-1B510A74BAA7}
		{A545306F-8D5A-42E5-90B1-FBEAD2888D49} = {5E5D3E67-4755-43BF-89F5-1B510A74BAA7}
		{12BC844C-2532-47D6-8326-B699D7833023} = {0CA6A46C-B1F7-4A44-BD4E-5B864E77ECC8}
	EndGlobalSection
EndGlobal
