
Microsoft Visual Studio Solution File, Format Version 12.00
# Visual Studio 2013
VisualStudioVersion = 12.0.31101.0
MinimumVisualStudioVersion = 10.0.40219.1
Project("{FAE04EC0-301F-11D3-BF4B-00C04F79EFBC}") = "SDP", "SDP\SDP.csproj", "{39E5AAFB-9059-44F1-869E-C79B69C6D056}"
EndProject
Project("{2150E333-8FDC-42A3-9474-1A3956D46DE8}") = "Test", "Test", "{5E5D3E67-4755-43BF-89F5-1B510A74BAA7}"
EndProject
Project("{FAE04EC0-301F-11D3-BF4B-00C04F79EFBC}") = "ServerTest", "ServerTest\ServerTest.csproj", "{2FADE8CF-E7E3-41CE-84B7-5F540749B7D6}"
EndProject
Project("{FAE04EC0-301F-11D3-BF4B-00C04F79EFBC}") = "ClientTest", "ClientTest\ClientTest.csproj", "{0FAD4BBF-46B2-428B-9C0F-488CFA6436B2}"
EndProject
Project("{FAE04EC0-301F-11D3-BF4B-00C04F79EFBC}") = "PackageLibrary", "PackageLibrary\PackageLibrary.csproj", "{C89E8928-46A4-4C8C-A3E7-DC2569C566F8}"
EndProject
Global
	GlobalSection(SolutionConfigurationPlatforms) = preSolution
		Debug|Any CPU = Debug|Any CPU
		Release|Any CPU = Release|Any CPU
	EndGlobalSection
	GlobalSection(ProjectConfigurationPlatforms) = postSolution
		{39E5AAFB-9059-44F1-869E-C79B69C6D056}.Debug|Any CPU.ActiveCfg = Debug|Any CPU
		{39E5AAFB-9059-44F1-869E-C79B69C6D056}.Debug|Any CPU.Build.0 = Debug|Any CPU
		{39E5AAFB-9059-44F1-869E-C79B69C6D056}.Release|Any CPU.ActiveCfg = Release|Any CPU
		{39E5AAFB-9059-44F1-869E-C79B69C6D056}.Release|Any CPU.Build.0 = Release|Any CPU
		{2FADE8CF-E7E3-41CE-84B7-5F540749B7D6}.Debug|Any CPU.ActiveCfg = Debug|Any CPU
		{2FADE8CF-E7E3-41CE-84B7-5F540749B7D6}.Debug|Any CPU.Build.0 = Debug|Any CPU
		{2FADE8CF-E7E3-41CE-84B7-5F540749B7D6}.Release|Any CPU.ActiveCfg = Release|Any CPU
		{2FADE8CF-E7E3-41CE-84B7-5F540749B7D6}.Release|Any CPU.Build.0 = Release|Any CPU
		{0FAD4BBF-46B2-428B-9C0F-488CFA6436B2}.Debug|Any CPU.ActiveCfg = Debug|Any CPU
		{0FAD4BBF-46B2-428B-9C0F-488CFA6436B2}.Debug|Any CPU.Build.0 = Debug|Any CPU
		{0FAD4BBF-46B2-428B-9C0F-488CFA6436B2}.Release|Any CPU.ActiveCfg = Release|Any CPU
		{0FAD4BBF-46B2-428B-9C0F-488CFA6436B2}.Release|Any CPU.Build.0 = Release|Any CPU
		{C89E8928-46A4-4C8C-A3E7-DC2569C566F8}.Debug|Any CPU.ActiveCfg = Debug|Any CPU
		{C89E8928-46A4-4C8C-A3E7-DC2569C566F8}.Debug|Any CPU.Build.0 = Debug|Any CPU
		{C89E8928-46A4-4C8C-A3E7-DC2569C566F8}.Release|Any CPU.ActiveCfg = Release|Any CPU
		{C89E8928-46A4-4C8C-A3E7-DC2569C566F8}.Release|Any CPU.Build.0 = Release|Any CPU
	EndGlobalSection
	GlobalSection(SolutionProperties) = preSolution
		HideSolutionNode = FALSE
	EndGlobalSection
	GlobalSection(NestedProjects) = preSolution
		{2FADE8CF-E7E3-41CE-84B7-5F540749B7D6} = {5E5D3E67-4755-43BF-89F5-1B510A74BAA7}
		{0FAD4BBF-46B2-428B-9C0F-488CFA6436B2} = {5E5D3E67-4755-43BF-89F5-1B510A74BAA7}
		{C89E8928-46A4-4C8C-A3E7-DC2569C566F8} = {5E5D3E67-4755-43BF-89F5-1B510A74BAA7}
	EndGlobalSection
EndGlobal
